
Microsoft Visual Studio Solution File, Format Version 12.00
# Visual Studio Version 17
VisualStudioVersion = 17.12.35527.113
MinimumVisualStudioVersion = 10.0.40219.1
Project("{2150E333-8FDC-42A3-9474-1A3956D46DE8}") = "src", "src", "{22DE6D83-BD29-4E41-9C4F-E4BED9A0B862}"
EndProject
Project("{FAE04EC0-301F-11D3-BF4B-00C04F79EFBC}") = "TenonBizApi", "src\TenonBizApi\TenonBizApi.csproj", "{32AB0998-0D2A-4A81-AE3A-57B8FA9D4182}"
EndProject
Project("{FAE04EC0-301F-11D3-BF4B-00C04F79EFBC}") = "TenonBizApi.AppHost", "src\TenonBizApi.AppHost\TenonBizApi.AppHost.csproj", "{C12C990A-F8B4-4A5B-A1FA-F81431C35F87}"
EndProject
Project("{FAE04EC0-301F-11D3-BF4B-00C04F79EFBC}") = "TenonBizApi.Application", "src\TenonBizApi.Application\TenonBizApi.Application.csproj", "{BAF87335-D1D2-4C46-8224-94827B742E83}"
EndProject
Project("{FAE04EC0-301F-11D3-BF4B-00C04F79EFBC}") = "TenonBizApi.Application.Abstractions", "src\TenonBizApi.Application.Abstractions\TenonBizApi.Application.Abstractions.csproj", "{FDE07DBC-9085-4C8C-B061-0C764B8E2328}"
EndProject
Project("{FAE04EC0-301F-11D3-BF4B-00C04F79EFBC}") = "TenonBizApi.Repository", "src\TenonBizApi.Repository\TenonBizApi.Repository.csproj", "{37DE4746-13AD-4D86-A1CC-80DA5AEEAC50}"
EndProject
Project("{FAE04EC0-301F-11D3-BF4B-00C04F79EFBC}") = "TenonBizApi.ServiceDefaults", "src\TenonBizApi.ServiceDefaults\TenonBizApi.ServiceDefaults.csproj", "{66A1F59A-ED93-4872-910B-C1E536D062DA}"
EndProject
Project("{2150E333-8FDC-42A3-9474-1A3956D46DE8}") = "tests", "tests", "{C21A6B00-4BFA-45F0-821B-CE9787F31E6A}"
EndProject
Project("{FAE04EC0-301F-11D3-BF4B-00C04F79EFBC}") = "TenonBizApi.Application.UnitTests", "tests\TenonBizApi.Application.UnitTests\TenonBizApi.Application.UnitTests.csproj", "{00AADB49-91FB-4C36-AC56-313454746B48}"
EndProject
Project("{FAE04EC0-301F-11D3-BF4B-00C04F79EFBC}") = "TenonBizApi.IntegrationTests", "tests\TenonBizApi.IntegrationTests\TenonBizApi.IntegrationTests.csproj", "{35D30E59-C571-414F-9CA9-195539386540}"
EndProject
Global
	GlobalSection(SolutionConfigurationPlatforms) = preSolution
		Debug|Any CPU = Debug|Any CPU
		Debug|x64 = Debug|x64
		Debug|x86 = Debug|x86
		Release|Any CPU = Release|Any CPU
		Release|x64 = Release|x64
		Release|x86 = Release|x86
	EndGlobalSection
	GlobalSection(ProjectConfigurationPlatforms) = postSolution
		{32AB0998-0D2A-4A81-AE3A-57B8FA9D4182}.Debug|Any CPU.ActiveCfg = Debug|Any CPU
		{32AB0998-0D2A-4A81-AE3A-57B8FA9D4182}.Debug|Any CPU.Build.0 = Debug|Any CPU
		{32AB0998-0D2A-4A81-AE3A-57B8FA9D4182}.Debug|x64.ActiveCfg = Debug|Any CPU
		{32AB0998-0D2A-4A81-AE3A-57B8FA9D4182}.Debug|x64.Build.0 = Debug|Any CPU
		{32AB0998-0D2A-4A81-AE3A-57B8FA9D4182}.Debug|x86.ActiveCfg = Debug|Any CPU
		{32AB0998-0D2A-4A81-AE3A-57B8FA9D4182}.Debug|x86.Build.0 = Debug|Any CPU
		{32AB0998-0D2A-4A81-AE3A-57B8FA9D4182}.Release|Any CPU.ActiveCfg = Release|Any CPU
		{32AB0998-0D2A-4A81-AE3A-57B8FA9D4182}.Release|Any CPU.Build.0 = Release|Any CPU
		{32AB0998-0D2A-4A81-AE3A-57B8FA9D4182}.Release|x64.ActiveCfg = Release|Any CPU
		{32AB0998-0D2A-4A81-AE3A-57B8FA9D4182}.Release|x64.Build.0 = Release|Any CPU
		{32AB0998-0D2A-4A81-AE3A-57B8FA9D4182}.Release|x86.ActiveCfg = Release|Any CPU
		{32AB0998-0D2A-4A81-AE3A-57B8FA9D4182}.Release|x86.Build.0 = Release|Any CPU
		{C12C990A-F8B4-4A5B-A1FA-F81431C35F87}.Debug|Any CPU.ActiveCfg = Debug|Any CPU
		{C12C990A-F8B4-4A5B-A1FA-F81431C35F87}.Debug|Any CPU.Build.0 = Debug|Any CPU
		{C12C990A-F8B4-4A5B-A1FA-F81431C35F87}.Debug|x64.ActiveCfg = Debug|Any CPU
		{C12C990A-F8B4-4A5B-A1FA-F81431C35F87}.Debug|x64.Build.0 = Debug|Any CPU
		{C12C990A-F8B4-4A5B-A1FA-F81431C35F87}.Debug|x86.ActiveCfg = Debug|Any CPU
		{C12C990A-F8B4-4A5B-A1FA-F81431C35F87}.Debug|x86.Build.0 = Debug|Any CPU
		{C12C990A-F8B4-4A5B-A1FA-F81431C35F87}.Release|Any CPU.ActiveCfg = Release|Any CPU
		{C12C990A-F8B4-4A5B-A1FA-F81431C35F87}.Release|Any CPU.Build.0 = Release|Any CPU
		{C12C990A-F8B4-4A5B-A1FA-F81431C35F87}.Release|x64.ActiveCfg = Release|Any CPU
		{C12C990A-F8B4-4A5B-A1FA-F81431C35F87}.Release|x64.Build.0 = Release|Any CPU
		{C12C990A-F8B4-4A5B-A1FA-F81431C35F87}.Release|x86.ActiveCfg = Release|Any CPU
		{C12C990A-F8B4-4A5B-A1FA-F81431C35F87}.Release|x86.Build.0 = Release|Any CPU
		{BAF87335-D1D2-4C46-8224-94827B742E83}.Debug|Any CPU.ActiveCfg = Debug|Any CPU
		{BAF87335-D1D2-4C46-8224-94827B742E83}.Debug|Any CPU.Build.0 = Debug|Any CPU
		{BAF87335-D1D2-4C46-8224-94827B742E83}.Debug|x64.ActiveCfg = Debug|Any CPU
		{BAF87335-D1D2-4C46-8224-94827B742E83}.Debug|x64.Build.0 = Debug|Any CPU
		{BAF87335-D1D2-4C46-8224-94827B742E83}.Debug|x86.ActiveCfg = Debug|Any CPU
		{BAF87335-D1D2-4C46-8224-94827B742E83}.Debug|x86.Build.0 = Debug|Any CPU
		{BAF87335-D1D2-4C46-8224-94827B742E83}.Release|Any CPU.ActiveCfg = Release|Any CPU
		{BAF87335-D1D2-4C46-8224-94827B742E83}.Release|Any CPU.Build.0 = Release|Any CPU
		{BAF87335-D1D2-4C46-8224-94827B742E83}.Release|x64.ActiveCfg = Release|Any CPU
		{BAF87335-D1D2-4C46-8224-94827B742E83}.Release|x64.Build.0 = Release|Any CPU
		{BAF87335-D1D2-4C46-8224-94827B742E83}.Release|x86.ActiveCfg = Release|Any CPU
		{BAF87335-D1D2-4C46-8224-94827B742E83}.Release|x86.Build.0 = Release|Any CPU
		{FDE07DBC-9085-4C8C-B061-0C764B8E2328}.Debug|Any CPU.ActiveCfg = Debug|Any CPU
		{FDE07DBC-9085-4C8C-B061-0C764B8E2328}.Debug|Any CPU.Build.0 = Debug|Any CPU
		{FDE07DBC-9085-4C8C-B061-0C764B8E2328}.Debug|x64.ActiveCfg = Debug|Any CPU
		{FDE07DBC-9085-4C8C-B061-0C764B8E2328}.Debug|x64.Build.0 = Debug|Any CPU
		{FDE07DBC-9085-4C8C-B061-0C764B8E2328}.Debug|x86.ActiveCfg = Debug|Any CPU
		{FDE07DBC-9085-4C8C-B061-0C764B8E2328}.Debug|x86.Build.0 = Debug|Any CPU
		{FDE07DBC-9085-4C8C-B061-0C764B8E2328}.Release|Any CPU.ActiveCfg = Release|Any CPU
		{FDE07DBC-9085-4C8C-B061-0C764B8E2328}.Release|Any CPU.Build.0 = Release|Any CPU
		{FDE07DBC-9085-4C8C-B061-0C764B8E2328}.Release|x64.ActiveCfg = Release|Any CPU
		{FDE07DBC-9085-4C8C-B061-0C764B8E2328}.Release|x64.Build.0 = Release|Any CPU
		{FDE07DBC-9085-4C8C-B061-0C764B8E2328}.Release|x86.ActiveCfg = Release|Any CPU
		{FDE07DBC-9085-4C8C-B061-0C764B8E2328}.Release|x86.Build.0 = Release|Any CPU
		{37DE4746-13AD-4D86-A1CC-80DA5AEEAC50}.Debug|Any CPU.ActiveCfg = Debug|Any CPU
		{37DE4746-13AD-4D86-A1CC-80DA5AEEAC50}.Debug|Any CPU.Build.0 = Debug|Any CPU
		{37DE4746-13AD-4D86-A1CC-80DA5AEEAC50}.Debug|x64.ActiveCfg = Debug|Any CPU
		{37DE4746-13AD-4D86-A1CC-80DA5AEEAC50}.Debug|x64.Build.0 = Debug|Any CPU
		{37DE4746-13AD-4D86-A1CC-80DA5AEEAC50}.Debug|x86.ActiveCfg = Debug|Any CPU
		{37DE4746-13AD-4D86-A1CC-80DA5AEEAC50}.Debug|x86.Build.0 = Debug|Any CPU
		{37DE4746-13AD-4D86-A1CC-80DA5AEEAC50}.Release|Any CPU.ActiveCfg = Release|Any CPU
		{37DE4746-13AD-4D86-A1CC-80DA5AEEAC50}.Release|Any CPU.Build.0 = Release|Any CPU
		{37DE4746-13AD-4D86-A1CC-80DA5AEEAC50}.Release|x64.ActiveCfg = Release|Any CPU
		{37DE4746-13AD-4D86-A1CC-80DA5AEEAC50}.Release|x64.Build.0 = Release|Any CPU
		{37DE4746-13AD-4D86-A1CC-80DA5AEEAC50}.Release|x86.ActiveCfg = Release|Any CPU
		{37DE4746-13AD-4D86-A1CC-80DA5AEEAC50}.Release|x86.Build.0 = Release|Any CPU
		{66A1F59A-ED93-4872-910B-C1E536D062DA}.Debug|Any CPU.ActiveCfg = Debug|Any CPU
		{66A1F59A-ED93-4872-910B-C1E536D062DA}.Debug|Any CPU.Build.0 = Debug|Any CPU
		{66A1F59A-ED93-4872-910B-C1E536D062DA}.Debug|x64.ActiveCfg = Debug|Any CPU
		{66A1F59A-ED93-4872-910B-C1E536D062DA}.Debug|x64.Build.0 = Debug|Any CPU
		{66A1F59A-ED93-4872-910B-C1E536D062DA}.Debug|x86.ActiveCfg = Debug|Any CPU
		{66A1F59A-ED93-4872-910B-C1E536D062DA}.Debug|x86.Build.0 = Debug|Any CPU
		{66A1F59A-ED93-4872-910B-C1E536D062DA}.Release|Any CPU.ActiveCfg = Release|Any CPU
		{66A1F59A-ED93-4872-910B-C1E536D062DA}.Release|Any CPU.Build.0 = Release|Any CPU
		{66A1F59A-ED93-4872-910B-C1E536D062DA}.Release|x64.ActiveCfg = Release|Any CPU
		{66A1F59A-ED93-4872-910B-C1E536D062DA}.Release|x64.Build.0 = Release|Any CPU
		{66A1F59A-ED93-4872-910B-C1E536D062DA}.Release|x86.ActiveCfg = Release|Any CPU
		{66A1F59A-ED93-4872-910B-C1E536D062DA}.Release|x86.Build.0 = Release|Any CPU
		{00AADB49-91FB-4C36-AC56-313454746B48}.Debug|Any CPU.ActiveCfg = Debug|Any CPU
		{00AADB49-91FB-4C36-AC56-313454746B48}.Debug|Any CPU.Build.0 = Debug|Any CPU
		{00AADB49-91FB-4C36-AC56-313454746B48}.Debug|x64.ActiveCfg = Debug|Any CPU
		{00AADB49-91FB-4C36-AC56-313454746B48}.Debug|x64.Build.0 = Debug|Any CPU
		{00AADB49-91FB-4C36-AC56-313454746B48}.Debug|x86.ActiveCfg = Debug|Any CPU
		{00AADB49-91FB-4C36-AC56-313454746B48}.Debug|x86.Build.0 = Debug|Any CPU
		{00AADB49-91FB-4C36-AC56-313454746B48}.Release|Any CPU.ActiveCfg = Release|Any CPU
		{00AADB49-91FB-4C36-AC56-313454746B48}.Release|Any CPU.Build.0 = Release|Any CPU
		{00AADB49-91FB-4C36-AC56-313454746B48}.Release|x64.ActiveCfg = Release|Any CPU
		{00AADB49-91FB-4C36-AC56-313454746B48}.Release|x64.Build.0 = Release|Any CPU
		{00AADB49-91FB-4C36-AC56-313454746B48}.Release|x86.ActiveCfg = Release|Any CPU
		{00AADB49-91FB-4C36-AC56-313454746B48}.Release|x86.Build.0 = Release|Any CPU
		{35D30E59-C571-414F-9CA9-195539386540}.Debug|Any CPU.ActiveCfg = Debug|Any CPU
		{35D30E59-C571-414F-9CA9-195539386540}.Debug|Any CPU.Build.0 = Debug|Any CPU
		{35D30E59-C571-414F-9CA9-195539386540}.Debug|x64.ActiveCfg = Debug|Any CPU
		{35D30E59-C571-414F-9CA9-195539386540}.Debug|x64.Build.0 = Debug|Any CPU
		{35D30E59-C571-414F-9CA9-195539386540}.Debug|x86.ActiveCfg = Debug|Any CPU
		{35D30E59-C571-414F-9CA9-195539386540}.Debug|x86.Build.0 = Debug|Any CPU
		{35D30E59-C571-414F-9CA9-195539386540}.Release|Any CPU.ActiveCfg = Release|Any CPU
		{35D30E59-C571-414F-9CA9-195539386540}.Release|Any CPU.Build.0 = Release|Any CPU
		{35D30E59-C571-414F-9CA9-195539386540}.Release|x64.ActiveCfg = Release|Any CPU
		{35D30E59-C571-414F-9CA9-195539386540}.Release|x64.Build.0 = Release|Any CPU
		{35D30E59-C571-414F-9CA9-195539386540}.Release|x86.ActiveCfg = Release|Any CPU
		{35D30E59-C571-414F-9CA9-195539386540}.Release|x86.Build.0 = Release|Any CPU
	EndGlobalSection
	GlobalSection(SolutionProperties) = preSolution
		HideSolutionNode = FALSE
	EndGlobalSection
	GlobalSection(NestedProjects) = preSolution
		{32AB0998-0D2A-4A81-AE3A-57B8FA9D4182} = {22DE6D83-BD29-4E41-9C4F-E4BED9A0B862}
		{C12C990A-F8B4-4A5B-A1FA-F81431C35F87} = {22DE6D83-BD29-4E41-9C4F-E4BED9A0B862}
		{BAF87335-D1D2-4C46-8224-94827B742E83} = {22DE6D83-BD29-4E41-9C4F-E4BED9A0B862}
		{FDE07DBC-9085-4C8C-B061-0C764B8E2328} = {22DE6D83-BD29-4E41-9C4F-E4BED9A0B862}
		{37DE4746-13AD-4D86-A1CC-80DA5AEEAC50} = {22DE6D83-BD29-4E41-9C4F-E4BED9A0B862}
		{66A1F59A-ED93-4872-910B-C1E536D062DA} = {22DE6D83-BD29-4E41-9C4F-E4BED9A0B862}
		{00AADB49-91FB-4C36-AC56-313454746B48} = {C21A6B00-4BFA-45F0-821B-CE9787F31E6A}
		{35D30E59-C571-414F-9CA9-195539386540} = {C21A6B00-4BFA-45F0-821B-CE9787F31E6A}
	EndGlobalSection
EndGlobal
